
Microsoft Visual Studio Solution File, Format Version 12.00
# Visual Studio Version 17
VisualStudioVersion = 17.14.36301.6 d17.14
MinimumVisualStudioVersion = 10.0.40219.1
Project("{FAE04EC0-301F-11D3-BF4B-00C04F79EFBC}") = "WebAutoria", "WebAutoria\WebAutoria.csproj", "{A5423C0B-FEBE-49E3-80A1-CB3D3FA3B6EB}"
EndProject
Global
	GlobalSection(SolutionConfigurationPlatforms) = preSolution
		Debug|Any CPU = Debug|Any CPU
		Release|Any CPU = Release|Any CPU
	EndGlobalSection
	GlobalSection(ProjectConfigurationPlatforms) = postSolution
		{A5423C0B-FEBE-49E3-80A1-CB3D3FA3B6EB}.Debug|Any CPU.ActiveCfg = Debug|Any CPU
		{A5423C0B-FEBE-49E3-80A1-CB3D3FA3B6EB}.Debug|Any CPU.Build.0 = Debug|Any CPU
		{A5423C0B-FEBE-49E3-80A1-CB3D3FA3B6EB}.Release|Any CPU.ActiveCfg = Release|Any CPU
		{A5423C0B-FEBE-49E3-80A1-CB3D3FA3B6EB}.Release|Any CPU.Build.0 = Release|Any CPU
	EndGlobalSection
	GlobalSection(SolutionProperties) = preSolution
		HideSolutionNode = FALSE
	EndGlobalSection
	GlobalSection(ExtensibilityGlobals) = postSolution
		SolutionGuid = {FA734CA1-FE8C-41B8-BADA-9DE56DE5E423}
	EndGlobalSection
EndGlobal
